%{
  "aten": {:hex, :aten, "0.5.8", "b5c97f48517c4f37f26a519aa57a00a31ff1b8ea4324ec1cae27f818ed5c0db2", [:rebar3], [], "hexpm", "64d40a8cf0ddfea4e13af00b7327f0925147f83612d0627d9506cbffe90c13ef"},
  "gen_batch_server": {:hex, :gen_batch_server, "0.8.8", "7840a1fa63ee1effc83e8a91d22664847a2ba1192d30eafffd914acb51578068", [:rebar3], [], "hexpm", "c3e6a1a2a0fb62aee631a98cfa0fd8903e9562422cbf72043953e2fb1d203017"},
  "jason": {:hex, :jason, "1.4.0", "e855647bc964a44e2f67df589ccf49105ae039d4179db7f6271dfd3843dc27e6", [:mix], [{:decimal, "~> 1.0 or ~> 2.0", [hex: :decimal, repo: "hexpm", optional: true]}], "hexpm", "79a3791085b2a0f743ca04cec0f7be26443738779d09302e01318f97bdb82121"},
  "khepri": {:hex, :khepri, "0.4.3", "c90a7a01221357c0839b5825eb2c68e276de103ddecea14db58a76bb6f66768e", [:mix, :rebar3], [{:ra, "2.1.0", [hex: :ra, repo: "hexpm", optional: false]}], "hexpm", "4bac9b052089b1ad885f1890ee4c36815ab237e7086e679761a3921de3b26c06"},
  "libcluster": {:hex, :libcluster, "3.3.1", "e7a4875cd1290cee7a693d6bd46076863e9e433708b01339783de6eff5b7f0aa", [:mix], [{:jason, "~> 1.1", [hex: :jason, repo: "hexpm", optional: false]}], "hexpm", "b575ca63c1cd84e01f3fa0fc45e6eb945c1ee7ae8d441d33def999075e9e5398"},
  "ra": {:hex, :ra, "2.1.0", "a58527f480ccc8af68b5041b76dd6cf46b3202759d3d63567720212416bf744c", [:rebar3], [{:aten, "0.5.8", [hex: :aten, repo: "hexpm", optional: false]}, {:gen_batch_server, "0.8.8", [hex: :gen_batch_server, repo: "hexpm", optional: false]}, {:seshat, "0.3.2", [hex: :seshat, repo: "hexpm", optional: false]}], "hexpm", "24001b370c23690af3fe42ddca353c71c45d1edc1a0e56f9c1bf30bd4c37d14e"},
  "seshat": {:hex, :seshat, "0.3.2", "16cf14e92aecb927d8840387b97a362d0781997a906d0f3bbb274eb0ec3d74d9", [:rebar3], [], "hexpm", "20d820acbeef9d07298ee863d0c9d06f8e620acba100939ebb2925e4d6b0dfc7"},
}
